
Microsoft Visual Studio Solution File, Format Version 12.00
# Visual Studio Version 17
VisualStudioVersion = 17.0.31912.275
MinimumVisualStudioVersion = 10.0.40219.1
Project("{FAE04EC0-301F-11D3-BF4B-00C04F79EFBC}") = "lab11pathWpfApp1", "lab11pathWpfApp1\lab11pathWpfApp1.csproj", "{45E29C29-5889-4F42-ABED-CCA0E5FAD6C7}"
EndProject
Project("{FAE04EC0-301F-11D3-BF4B-00C04F79EFBC}") = "lab11combinedWpfApp1", "lab11combinedWpfApp1\lab11combinedWpfApp1.csproj", "{FCEEBB85-B559-4AB6-8E80-11192E761DCB}"
EndProject
Project("{FAE04EC0-301F-11D3-BF4B-00C04F79EFBC}") = "lab11pathgeoWpfApp1", "lab11pathgeoWpfApp1\lab11pathgeoWpfApp1.csproj", "{2B215A77-81B3-4A82-90DB-E0759D8E419F}"
EndProject
Project("{FAE04EC0-301F-11D3-BF4B-00C04F79EFBC}") = "lab11zadachaNoWpfApp1", "lab11zadachaNoWpfApp1\lab11zadachaNoWpfApp1.csproj", "{6D97262D-62A2-4AD9-B794-EF5AA85502A2}"
EndProject
Global
	GlobalSection(SolutionConfigurationPlatforms) = preSolution
		Debug|Any CPU = Debug|Any CPU
		Release|Any CPU = Release|Any CPU
	EndGlobalSection
	GlobalSection(ProjectConfigurationPlatforms) = postSolution
		{45E29C29-5889-4F42-ABED-CCA0E5FAD6C7}.Debug|Any CPU.ActiveCfg = Debug|Any CPU
		{45E29C29-5889-4F42-ABED-CCA0E5FAD6C7}.Debug|Any CPU.Build.0 = Debug|Any CPU
		{45E29C29-5889-4F42-ABED-CCA0E5FAD6C7}.Release|Any CPU.ActiveCfg = Release|Any CPU
		{45E29C29-5889-4F42-ABED-CCA0E5FAD6C7}.Release|Any CPU.Build.0 = Release|Any CPU
		{FCEEBB85-B559-4AB6-8E80-11192E761DCB}.Debug|Any CPU.ActiveCfg = Debug|Any CPU
		{FCEEBB85-B559-4AB6-8E80-11192E761DCB}.Debug|Any CPU.Build.0 = Debug|Any CPU
		{FCEEBB85-B559-4AB6-8E80-11192E761DCB}.Release|Any CPU.ActiveCfg = Release|Any CPU
		{FCEEBB85-B559-4AB6-8E80-11192E761DCB}.Release|Any CPU.Build.0 = Release|Any CPU
		{2B215A77-81B3-4A82-90DB-E0759D8E419F}.Debug|Any CPU.ActiveCfg = Debug|Any CPU
		{2B215A77-81B3-4A82-90DB-E0759D8E419F}.Debug|Any CPU.Build.0 = Debug|Any CPU
		{2B215A77-81B3-4A82-90DB-E0759D8E419F}.Release|Any CPU.ActiveCfg = Release|Any CPU
		{2B215A77-81B3-4A82-90DB-E0759D8E419F}.Release|Any CPU.Build.0 = Release|Any CPU
		{6D97262D-62A2-4AD9-B794-EF5AA85502A2}.Debug|Any CPU.ActiveCfg = Debug|Any CPU
		{6D97262D-62A2-4AD9-B794-EF5AA85502A2}.Debug|Any CPU.Build.0 = Debug|Any CPU
		{6D97262D-62A2-4AD9-B794-EF5AA85502A2}.Release|Any CPU.ActiveCfg = Release|Any CPU
		{6D97262D-62A2-4AD9-B794-EF5AA85502A2}.Release|Any CPU.Build.0 = Release|Any CPU
	EndGlobalSection
	GlobalSection(SolutionProperties) = preSolution
		HideSolutionNode = FALSE
	EndGlobalSection
	GlobalSection(ExtensibilityGlobals) = postSolution
		SolutionGuid = {EE2DA7BC-3FAE-4948-8D29-E842A2CABEB0}
	EndGlobalSection
EndGlobal
